
Microsoft Visual Studio Solution File, Format Version 12.00
# Visual Studio Version 16
VisualStudioVersion = 16.0.30523.141
MinimumVisualStudioVersion = 10.0.40219.1
Project("{9A19103F-16F7-4668-BE54-9A1E7A4F7556}") = "Lizarb.Validador", "src\Lizarb.Validador\Lizarb.Validador.csproj", "{3F86BAC0-502A-4D64-9ACB-B408FEC7845E}"
EndProject
Project("{9A19103F-16F7-4668-BE54-9A1E7A4F7556}") = "Lizarb.Validador.Test", "src\Lizarb.Validador.Test\Lizarb.Validador.Test.csproj", "{42BD5CFF-00F4-4769-9958-F0E7189C7C4C}"
EndProject
Project("{9A19103F-16F7-4668-BE54-9A1E7A4F7556}") = "Lizarb.ES", "src\Lizarb.ES\Lizarb.ES.csproj", "{60AA9908-6B80-42B7-ADE3-86E2C4FF3827}"
EndProject
Global
	GlobalSection(SolutionConfigurationPlatforms) = preSolution
		Debug|Any CPU = Debug|Any CPU
		Release|Any CPU = Release|Any CPU
	EndGlobalSection
	GlobalSection(ProjectConfigurationPlatforms) = postSolution
		{3F86BAC0-502A-4D64-9ACB-B408FEC7845E}.Debug|Any CPU.ActiveCfg = Debug|Any CPU
		{3F86BAC0-502A-4D64-9ACB-B408FEC7845E}.Debug|Any CPU.Build.0 = Debug|Any CPU
		{3F86BAC0-502A-4D64-9ACB-B408FEC7845E}.Release|Any CPU.ActiveCfg = Release|Any CPU
		{3F86BAC0-502A-4D64-9ACB-B408FEC7845E}.Release|Any CPU.Build.0 = Release|Any CPU
		{42BD5CFF-00F4-4769-9958-F0E7189C7C4C}.Debug|Any CPU.ActiveCfg = Debug|Any CPU
		{42BD5CFF-00F4-4769-9958-F0E7189C7C4C}.Debug|Any CPU.Build.0 = Debug|Any CPU
		{42BD5CFF-00F4-4769-9958-F0E7189C7C4C}.Release|Any CPU.ActiveCfg = Release|Any CPU
		{42BD5CFF-00F4-4769-9958-F0E7189C7C4C}.Release|Any CPU.Build.0 = Release|Any CPU
		{60AA9908-6B80-42B7-ADE3-86E2C4FF3827}.Debug|Any CPU.ActiveCfg = Debug|Any CPU
		{60AA9908-6B80-42B7-ADE3-86E2C4FF3827}.Debug|Any CPU.Build.0 = Debug|Any CPU
		{60AA9908-6B80-42B7-ADE3-86E2C4FF3827}.Release|Any CPU.ActiveCfg = Release|Any CPU
		{60AA9908-6B80-42B7-ADE3-86E2C4FF3827}.Release|Any CPU.Build.0 = Release|Any CPU
	EndGlobalSection
	GlobalSection(SolutionProperties) = preSolution
		HideSolutionNode = FALSE
	EndGlobalSection
	GlobalSection(ExtensibilityGlobals) = postSolution
		SolutionGuid = {02C33AEF-2D08-48DE-9F2C-19986702ACBF}
	EndGlobalSection
EndGlobal
