
Microsoft Visual Studio Solution File, Format Version 12.00
# Visual Studio Version 16
VisualStudioVersion = 16.0.30523.141
MinimumVisualStudioVersion = 10.0.40219.1
Project("{FAE04EC0-301F-11D3-BF4B-00C04F79EFBC}") = "Lizarb.Valida", "Lizarb.Valida\Lizarb.Valida.csproj", "{9F4E0A3B-4515-46DA-9345-C19F3E14A1BD}"
EndProject
Project("{FAE04EC0-301F-11D3-BF4B-00C04F79EFBC}") = "Lizarb.ES", "Lizarb.ES\Lizarb.ES.csproj", "{7127D35E-782C-4E44-BA74-7128652591E5}"
EndProject
Global
	GlobalSection(SolutionConfigurationPlatforms) = preSolution
		Debug|Any CPU = Debug|Any CPU
		Release|Any CPU = Release|Any CPU
	EndGlobalSection
	GlobalSection(ProjectConfigurationPlatforms) = postSolution
		{9F4E0A3B-4515-46DA-9345-C19F3E14A1BD}.Debug|Any CPU.ActiveCfg = Debug|Any CPU
		{9F4E0A3B-4515-46DA-9345-C19F3E14A1BD}.Debug|Any CPU.Build.0 = Debug|Any CPU
		{9F4E0A3B-4515-46DA-9345-C19F3E14A1BD}.Release|Any CPU.ActiveCfg = Release|Any CPU
		{9F4E0A3B-4515-46DA-9345-C19F3E14A1BD}.Release|Any CPU.Build.0 = Release|Any CPU
		{7127D35E-782C-4E44-BA74-7128652591E5}.Debug|Any CPU.ActiveCfg = Debug|Any CPU
		{7127D35E-782C-4E44-BA74-7128652591E5}.Debug|Any CPU.Build.0 = Debug|Any CPU
		{7127D35E-782C-4E44-BA74-7128652591E5}.Release|Any CPU.ActiveCfg = Release|Any CPU
		{7127D35E-782C-4E44-BA74-7128652591E5}.Release|Any CPU.Build.0 = Release|Any CPU
	EndGlobalSection
	GlobalSection(SolutionProperties) = preSolution
		HideSolutionNode = FALSE
	EndGlobalSection
	GlobalSection(ExtensibilityGlobals) = postSolution
		SolutionGuid = {19325D00-386C-4803-AF7A-F9658539CF36}
	EndGlobalSection
EndGlobal
